
Microsoft Visual Studio Solution File, Format Version 12.00
# Visual Studio Version 16
VisualStudioVersion = 16.0.30907.101
MinimumVisualStudioVersion = 10.0.40219.1
Project("{9A19103F-16F7-4668-BE54-9A1E7A4F7556}") = "PETDataBase.Domain", "PETDataBase.Domain.csproj", "{DE2D181F-A500-4EFF-945B-53E73DCB6ECD}"
EndProject
Project("{9A19103F-16F7-4668-BE54-9A1E7A4F7556}") = "PETDataBase.EntityFramework", "..\PETDataBase.EntityFramework\PETDataBase.EntityFramework.csproj", "{3D2E74B9-256F-4236-B048-15F3C9945912}"
EndProject
Project("{9A19103F-16F7-4668-BE54-9A1E7A4F7556}") = "PETDataBase.WPF", "..\PETDataBase.WPF\PETDataBase.WPF.csproj", "{CA6E0B17-6EF7-472C-802A-6BB178F5C12D}"
EndProject
Project("{FAE04EC0-301F-11D3-BF4B-00C04F79EFBC}") = "Repository", "..\Repository\Repository.csproj", "{EA191ABE-F3E8-48F8-AACA-D3E1F832854E}"
EndProject
Global
	GlobalSection(SolutionConfigurationPlatforms) = preSolution
		Debug|Any CPU = Debug|Any CPU
		Release|Any CPU = Release|Any CPU
	EndGlobalSection
	GlobalSection(ProjectConfigurationPlatforms) = postSolution
		{DE2D181F-A500-4EFF-945B-53E73DCB6ECD}.Debug|Any CPU.ActiveCfg = Debug|Any CPU
		{DE2D181F-A500-4EFF-945B-53E73DCB6ECD}.Debug|Any CPU.Build.0 = Debug|Any CPU
		{DE2D181F-A500-4EFF-945B-53E73DCB6ECD}.Release|Any CPU.ActiveCfg = Release|Any CPU
		{DE2D181F-A500-4EFF-945B-53E73DCB6ECD}.Release|Any CPU.Build.0 = Release|Any CPU
		{3D2E74B9-256F-4236-B048-15F3C9945912}.Debug|Any CPU.ActiveCfg = Debug|Any CPU
		{3D2E74B9-256F-4236-B048-15F3C9945912}.Debug|Any CPU.Build.0 = Debug|Any CPU
		{3D2E74B9-256F-4236-B048-15F3C9945912}.Release|Any CPU.ActiveCfg = Release|Any CPU
		{3D2E74B9-256F-4236-B048-15F3C9945912}.Release|Any CPU.Build.0 = Release|Any CPU
		{CA6E0B17-6EF7-472C-802A-6BB178F5C12D}.Debug|Any CPU.ActiveCfg = Debug|Any CPU
		{CA6E0B17-6EF7-472C-802A-6BB178F5C12D}.Debug|Any CPU.Build.0 = Debug|Any CPU
		{CA6E0B17-6EF7-472C-802A-6BB178F5C12D}.Release|Any CPU.ActiveCfg = Release|Any CPU
		{CA6E0B17-6EF7-472C-802A-6BB178F5C12D}.Release|Any CPU.Build.0 = Release|Any CPU
		{EA191ABE-F3E8-48F8-AACA-D3E1F832854E}.Debug|Any CPU.ActiveCfg = Debug|Any CPU
		{EA191ABE-F3E8-48F8-AACA-D3E1F832854E}.Debug|Any CPU.Build.0 = Debug|Any CPU
		{EA191ABE-F3E8-48F8-AACA-D3E1F832854E}.Release|Any CPU.ActiveCfg = Release|Any CPU
		{EA191ABE-F3E8-48F8-AACA-D3E1F832854E}.Release|Any CPU.Build.0 = Release|Any CPU
	EndGlobalSection
	GlobalSection(SolutionProperties) = preSolution
		HideSolutionNode = FALSE
	EndGlobalSection
	GlobalSection(ExtensibilityGlobals) = postSolution
		SolutionGuid = {8335E5DA-A9E7-4160-822C-00C07156065C}
	EndGlobalSection
EndGlobal
